
Microsoft Visual Studio Solution File, Format Version 12.00
# Visual Studio Version 17
VisualStudioVersion = 17.7.34024.191
MinimumVisualStudioVersion = 10.0.40219.1
Project("{8BC9CEB8-8B4A-11D0-8D11-00A0C91BC942}") = "Project1", "Project1\Project1.vcxproj", "{7240A273-9062-48CD-8153-5210FDCE8E59}"
EndProject
Global
	GlobalSection(SolutionConfigurationPlatforms) = preSolution
		Debug|x64 = Debug|x64
		Debug|x86 = Debug|x86
		Release|x64 = Release|x64
		Release|x86 = Release|x86
	EndGlobalSection
	GlobalSection(ProjectConfigurationPlatforms) = postSolution
		{7240A273-9062-48CD-8153-5210FDCE8E59}.Debug|x64.ActiveCfg = Debug|x64
		{7240A273-9062-48CD-8153-5210FDCE8E59}.Debug|x64.Build.0 = Debug|x64
		{7240A273-9062-48CD-8153-5210FDCE8E59}.Debug|x86.ActiveCfg = Debug|Win32
		{7240A273-9062-48CD-8153-5210FDCE8E59}.Debug|x86.Build.0 = Debug|Win32
		{7240A273-9062-48CD-8153-5210FDCE8E59}.Release|x64.ActiveCfg = Release|x64
		{7240A273-9062-48CD-8153-5210FDCE8E59}.Release|x64.Build.0 = Release|x64
		{7240A273-9062-48CD-8153-5210FDCE8E59}.Release|x86.ActiveCfg = Release|Win32
		{7240A273-9062-48CD-8153-5210FDCE8E59}.Release|x86.Build.0 = Release|Win32
	EndGlobalSection
	GlobalSection(SolutionProperties) = preSolution
		HideSolutionNode = FALSE
	EndGlobalSection
	GlobalSection(ExtensibilityGlobals) = postSolution
		SolutionGuid = {2B586622-C2A0-4E5F-A674-852504E9DE4F}
	EndGlobalSection
EndGlobal
